
Microsoft Visual Studio Solution File, Format Version 12.00
# Visual Studio Version 17
VisualStudioVersion = 17.10.35013.160
MinimumVisualStudioVersion = 10.0.40219.1
Project("{FAE04EC0-301F-11D3-BF4B-00C04F79EFBC}") = "RealWare.ExternalServices", "RealWare.ExternalServices\RealWare.ExternalServices.csproj", "{CDA5C34F-DAEE-4451-81B1-D49153FE30B5}"
EndProject
Global
	GlobalSection(SolutionConfigurationPlatforms) = preSolution
		Debug|Any CPU = Debug|Any CPU
		Release|Any CPU = Release|Any CPU
	EndGlobalSection
	GlobalSection(ProjectConfigurationPlatforms) = postSolution
		{CDA5C34F-DAEE-4451-81B1-D49153FE30B5}.Debug|Any CPU.ActiveCfg = Debug|Any CPU
		{CDA5C34F-DAEE-4451-81B1-D49153FE30B5}.Debug|Any CPU.Build.0 = Debug|Any CPU
		{CDA5C34F-DAEE-4451-81B1-D49153FE30B5}.Release|Any CPU.ActiveCfg = Release|Any CPU
		{CDA5C34F-DAEE-4451-81B1-D49153FE30B5}.Release|Any CPU.Build.0 = Release|Any CPU
	EndGlobalSection
	GlobalSection(SolutionProperties) = preSolution
		HideSolutionNode = FALSE
	EndGlobalSection
	GlobalSection(ExtensibilityGlobals) = postSolution
		SolutionGuid = {BB54FF4C-E49C-4055-A652-2B5C60201095}
	EndGlobalSection
EndGlobal
